
Microsoft Visual Studio Solution File, Format Version 12.00
# Visual Studio Version 17
VisualStudioVersion = 17.2.32630.192
MinimumVisualStudioVersion = 10.0.40219.1
Project("{9A19103F-16F7-4668-BE54-9A1E7A4F7556}") = "PlatformService", "PlatformService\PlatformService.csproj", "{127179B0-6745-4EAD-AF6A-B6B32BA31D0D}"
EndProject
Project("{2150E333-8FDC-42A3-9474-1A3956D46DE8}") = "Kubernetes", "Kubernetes", "{7739AAE1-60DC-4A6E-8D7E-6F52A879D508}"
	ProjectSection(SolutionItems) = preProject
		Kubernetes\platforms-depl.yaml = Kubernetes\platforms-depl.yaml
	EndProjectSection
EndProject
Global
	GlobalSection(SolutionConfigurationPlatforms) = preSolution
		Debug|Any CPU = Debug|Any CPU
		Release|Any CPU = Release|Any CPU
	EndGlobalSection
	GlobalSection(ProjectConfigurationPlatforms) = postSolution
		{127179B0-6745-4EAD-AF6A-B6B32BA31D0D}.Debug|Any CPU.ActiveCfg = Debug|Any CPU
		{127179B0-6745-4EAD-AF6A-B6B32BA31D0D}.Debug|Any CPU.Build.0 = Debug|Any CPU
		{127179B0-6745-4EAD-AF6A-B6B32BA31D0D}.Release|Any CPU.ActiveCfg = Release|Any CPU
		{127179B0-6745-4EAD-AF6A-B6B32BA31D0D}.Release|Any CPU.Build.0 = Release|Any CPU
	EndGlobalSection
	GlobalSection(SolutionProperties) = preSolution
		HideSolutionNode = FALSE
	EndGlobalSection
	GlobalSection(ExtensibilityGlobals) = postSolution
		SolutionGuid = {05CAF900-43D0-4673-811B-084E4634E1ED}
	EndGlobalSection
EndGlobal
