
Microsoft Visual Studio Solution File, Format Version 12.00
# Visual Studio Version 17
VisualStudioVersion = 17.2.32630.192
MinimumVisualStudioVersion = 10.0.40219.1
Project("{FAE04EC0-301F-11D3-BF4B-00C04F79EFBC}") = "PlatformService", "..\PlatformService\PlatformService.csproj", "{7616D73D-C2A2-41E1-B213-716CB0DC92F9}"
EndProject
Global
	GlobalSection(SolutionConfigurationPlatforms) = preSolution
		Debug|Any CPU = Debug|Any CPU
		Release|Any CPU = Release|Any CPU
	EndGlobalSection
	GlobalSection(ProjectConfigurationPlatforms) = postSolution
		{7616D73D-C2A2-41E1-B213-716CB0DC92F9}.Debug|Any CPU.ActiveCfg = Debug|Any CPU
		{7616D73D-C2A2-41E1-B213-716CB0DC92F9}.Debug|Any CPU.Build.0 = Debug|Any CPU
		{7616D73D-C2A2-41E1-B213-716CB0DC92F9}.Release|Any CPU.ActiveCfg = Release|Any CPU
		{7616D73D-C2A2-41E1-B213-716CB0DC92F9}.Release|Any CPU.Build.0 = Release|Any CPU
	EndGlobalSection
	GlobalSection(SolutionProperties) = preSolution
		HideSolutionNode = FALSE
	EndGlobalSection
	GlobalSection(ExtensibilityGlobals) = postSolution
		SolutionGuid = {05CAF900-43D0-4673-811B-084E4634E1ED}
	EndGlobalSection
EndGlobal
